{
  "name": "3",
  "version": "1.0.0",
  "lockfileVersion": 3,
  "requires": true,
  "packages": {
    "": {
      "name": "3",
      "version": "1.0.0",
      "license": "ISC",
      "dependencies": {
        "mem-lib": "file:./mem-lib"
      },
      "devDependencies": {}
    },
    "mem-lib": {
      "version": "1.0.0",
      "license": "ISC"
    },
    "node_modules/mem-lib": {
      "resolved": "mem-lib",
      "link": true
    }
  }
}
